
Microsoft Visual Studio Solution File, Format Version 12.00
# Visual Studio 15
VisualStudioVersion = 15.0.27130.2010
MinimumVisualStudioVersion = 10.0.40219.1
Project("{FAE04EC0-301F-11D3-BF4B-00C04F79EFBC}") = "GKProject", "GKProject\GKProject.csproj", "{F4DE4FE3-425D-49BA-924E-4F7B1827E6E1}"
EndProject
Global
	GlobalSection(SolutionConfigurationPlatforms) = preSolution
		Debug|Any CPU = Debug|Any CPU
		Release|Any CPU = Release|Any CPU
	EndGlobalSection
	GlobalSection(ProjectConfigurationPlatforms) = postSolution
		{F4DE4FE3-425D-49BA-924E-4F7B1827E6E1}.Debug|Any CPU.ActiveCfg = Debug|Any CPU
		{F4DE4FE3-425D-49BA-924E-4F7B1827E6E1}.Debug|Any CPU.Build.0 = Debug|Any CPU
		{F4DE4FE3-425D-49BA-924E-4F7B1827E6E1}.Release|Any CPU.ActiveCfg = Release|Any CPU
		{F4DE4FE3-425D-49BA-924E-4F7B1827E6E1}.Release|Any CPU.Build.0 = Release|Any CPU
	EndGlobalSection
	GlobalSection(SolutionProperties) = preSolution
		HideSolutionNode = FALSE
	EndGlobalSection
	GlobalSection(ExtensibilityGlobals) = postSolution
		SolutionGuid = {5C1CF4F8-5828-4AA1-BEC5-88DAFA01A384}
	EndGlobalSection
EndGlobal
